
Microsoft Visual Studio Solution File, Format Version 12.00
# Visual Studio Version 16
VisualStudioVersion = 16.0.29709.97
MinimumVisualStudioVersion = 10.0.40219.1
Project("{9A19103F-16F7-4668-BE54-9A1E7A4F7556}") = "TUKARTA.PE.WEB.API", "TUKARTA.PE.WEB.API\TUKARTA.PE.WEB.API.csproj", "{E86CC051-0428-4E24-9812-A322620DA951}"
EndProject
Project("{9A19103F-16F7-4668-BE54-9A1E7A4F7556}") = "TUKARTA.PE.CORE", "TUKARTA.PE.CORE\TUKARTA.PE.CORE.csproj", "{5A70E5E2-50A9-476D-85F4-468E3008CDED}"
EndProject
Project("{9A19103F-16F7-4668-BE54-9A1E7A4F7556}") = "TUKARTA.PE.DATA", "TUKARTA.PE.DATA\TUKARTA.PE.DATA.csproj", "{63DEC6EE-A808-4875-99CB-C9B52275090E}"
EndProject
Project("{9A19103F-16F7-4668-BE54-9A1E7A4F7556}") = "TUKARTA.PE.ENTITIES", "TUKARTA.PE.ENTITIES\TUKARTA.PE.ENTITIES.csproj", "{CBB20815-5356-4AF1-AB62-B2335BF42C55}"
EndProject
Project("{9A19103F-16F7-4668-BE54-9A1E7A4F7556}") = "TUKARTA.PE.WEB.PANEL.ADMIN", "TUKARTA.PE.WEB.PANEL.ADMIN\TUKARTA.PE.WEB.PANEL.ADMIN.csproj", "{7FDC31DB-B7A3-4DE2-8956-C7EA060180A1}"
EndProject
Project("{9A19103F-16F7-4668-BE54-9A1E7A4F7556}") = "TUKARTA.PE.WEB.PANEL.BUSINESS", "TUKARTA.PE.WEB.PANEL.BUSINESS\TUKARTA.PE.WEB.PANEL.BUSINESS.csproj", "{C27EAE41-CBDD-4054-8881-C91685D0F7F0}"
EndProject
Project("{9A19103F-16F7-4668-BE54-9A1E7A4F7556}") = "TUKARTA.PE.WEB.SITE", "TUKARTA.PE.WEB.SITE\TUKARTA.PE.WEB.SITE.csproj", "{35F641AD-67E6-4926-B4A6-A53E94C34B30}"
EndProject
Project("{9A19103F-16F7-4668-BE54-9A1E7A4F7556}") = "TUKARTA.PE.SERVICE", "TUKARTA.PE.SERVICE\TUKARTA.PE.SERVICE.csproj", "{C3001561-854C-41DC-8D7A-767356D7ABBD}"
EndProject
Project("{2150E333-8FDC-42A3-9474-1A3956D46DE8}") = "1. Core", "1. Core", "{C093EF10-2B52-4637-AB02-330BC27758BE}"
EndProject
Project("{2150E333-8FDC-42A3-9474-1A3956D46DE8}") = "2. Entities", "2. Entities", "{B77FBF89-6C9B-482E-AE05-87E6E0A34024}"
EndProject
Project("{2150E333-8FDC-42A3-9474-1A3956D46DE8}") = "3. Data", "3. Data", "{F64A8B93-0C18-4F83-A9E5-BD2785A3AB06}"
EndProject
Project("{2150E333-8FDC-42A3-9474-1A3956D46DE8}") = "4. Service", "4. Service", "{CF6C6F1F-A0CC-44E9-AC32-FB226812ACB9}"
EndProject
Project("{2150E333-8FDC-42A3-9474-1A3956D46DE8}") = "5. Web", "5. Web", "{9503947C-862B-477C-AC09-72B557FC9826}"
EndProject
Project("{2150E333-8FDC-42A3-9474-1A3956D46DE8}") = "5.1. Api", "5.1. Api", "{99845C29-086E-49AB-9907-68D6D9CED31C}"
EndProject
Project("{2150E333-8FDC-42A3-9474-1A3956D46DE8}") = "5.2. Site", "5.2. Site", "{3536C0F7-8B94-4F96-BEEC-D84ACECF4610}"
EndProject
Project("{2150E333-8FDC-42A3-9474-1A3956D46DE8}") = "5.3. Applications", "5.3. Applications", "{E6ACC16C-67FB-409A-AC9C-1235B81BCFD6}"
EndProject
Project("{9A19103F-16F7-4668-BE54-9A1E7A4F7556}") = "TUKARTA.PE.WEB.COMPONENTS", "TUKARTA.PE.WEB.COMPONENTS\TUKARTA.PE.WEB.COMPONENTS.csproj", "{9837EB90-5B2E-4F7A-9BA7-985383DCDA05}"
EndProject
Project("{9A19103F-16F7-4668-BE54-9A1E7A4F7556}") = "TUKARTA.PE.WEB.APP.DINER", "TUKARTA.PE.WEB.APP.DINER\TUKARTA.PE.WEB.APP.DINER.csproj", "{42233FDB-0AF8-404B-8833-044FBA01D889}"
EndProject
Project("{2150E333-8FDC-42A3-9474-1A3956D46DE8}") = "5.3.1. Shared", "5.3.1. Shared", "{691CA8D5-C853-4BC7-BAC0-ED764A1098FC}"
EndProject
Project("{2150E333-8FDC-42A3-9474-1A3956D46DE8}") = "5.3.2. Admin", "5.3.2. Admin", "{851396F9-17BA-4C79-8CC6-A81E1AEE2E81}"
EndProject
Project("{2150E333-8FDC-42A3-9474-1A3956D46DE8}") = "5.3.3. Business", "5.3.3. Business", "{90F12FD5-39E2-4A8E-A79F-551B173D086F}"
EndProject
Project("{2150E333-8FDC-42A3-9474-1A3956D46DE8}") = "5.3.4. Diner", "5.3.4. Diner", "{B31186AA-9A93-45BA-A30D-CDFC059D9571}"
EndProject
Global
	GlobalSection(SolutionConfigurationPlatforms) = preSolution
		Debug|Any CPU = Debug|Any CPU
		Release|Any CPU = Release|Any CPU
	EndGlobalSection
	GlobalSection(ProjectConfigurationPlatforms) = postSolution
		{E86CC051-0428-4E24-9812-A322620DA951}.Debug|Any CPU.ActiveCfg = Debug|Any CPU
		{E86CC051-0428-4E24-9812-A322620DA951}.Debug|Any CPU.Build.0 = Debug|Any CPU
		{E86CC051-0428-4E24-9812-A322620DA951}.Release|Any CPU.ActiveCfg = Release|Any CPU
		{E86CC051-0428-4E24-9812-A322620DA951}.Release|Any CPU.Build.0 = Release|Any CPU
		{5A70E5E2-50A9-476D-85F4-468E3008CDED}.Debug|Any CPU.ActiveCfg = Debug|Any CPU
		{5A70E5E2-50A9-476D-85F4-468E3008CDED}.Debug|Any CPU.Build.0 = Debug|Any CPU
		{5A70E5E2-50A9-476D-85F4-468E3008CDED}.Release|Any CPU.ActiveCfg = Release|Any CPU
		{5A70E5E2-50A9-476D-85F4-468E3008CDED}.Release|Any CPU.Build.0 = Release|Any CPU
		{63DEC6EE-A808-4875-99CB-C9B52275090E}.Debug|Any CPU.ActiveCfg = Debug|Any CPU
		{63DEC6EE-A808-4875-99CB-C9B52275090E}.Debug|Any CPU.Build.0 = Debug|Any CPU
		{63DEC6EE-A808-4875-99CB-C9B52275090E}.Release|Any CPU.ActiveCfg = Release|Any CPU
		{63DEC6EE-A808-4875-99CB-C9B52275090E}.Release|Any CPU.Build.0 = Release|Any CPU
		{CBB20815-5356-4AF1-AB62-B2335BF42C55}.Debug|Any CPU.ActiveCfg = Debug|Any CPU
		{CBB20815-5356-4AF1-AB62-B2335BF42C55}.Debug|Any CPU.Build.0 = Debug|Any CPU
		{CBB20815-5356-4AF1-AB62-B2335BF42C55}.Release|Any CPU.ActiveCfg = Release|Any CPU
		{CBB20815-5356-4AF1-AB62-B2335BF42C55}.Release|Any CPU.Build.0 = Release|Any CPU
		{7FDC31DB-B7A3-4DE2-8956-C7EA060180A1}.Debug|Any CPU.ActiveCfg = Debug|Any CPU
		{7FDC31DB-B7A3-4DE2-8956-C7EA060180A1}.Debug|Any CPU.Build.0 = Debug|Any CPU
		{7FDC31DB-B7A3-4DE2-8956-C7EA060180A1}.Release|Any CPU.ActiveCfg = Release|Any CPU
		{7FDC31DB-B7A3-4DE2-8956-C7EA060180A1}.Release|Any CPU.Build.0 = Release|Any CPU
		{C27EAE41-CBDD-4054-8881-C91685D0F7F0}.Debug|Any CPU.ActiveCfg = Debug|Any CPU
		{C27EAE41-CBDD-4054-8881-C91685D0F7F0}.Debug|Any CPU.Build.0 = Debug|Any CPU
		{C27EAE41-CBDD-4054-8881-C91685D0F7F0}.Release|Any CPU.ActiveCfg = Release|Any CPU
		{C27EAE41-CBDD-4054-8881-C91685D0F7F0}.Release|Any CPU.Build.0 = Release|Any CPU
		{35F641AD-67E6-4926-B4A6-A53E94C34B30}.Debug|Any CPU.ActiveCfg = Debug|Any CPU
		{35F641AD-67E6-4926-B4A6-A53E94C34B30}.Debug|Any CPU.Build.0 = Debug|Any CPU
		{35F641AD-67E6-4926-B4A6-A53E94C34B30}.Release|Any CPU.ActiveCfg = Release|Any CPU
		{35F641AD-67E6-4926-B4A6-A53E94C34B30}.Release|Any CPU.Build.0 = Release|Any CPU
		{C3001561-854C-41DC-8D7A-767356D7ABBD}.Debug|Any CPU.ActiveCfg = Debug|Any CPU
		{C3001561-854C-41DC-8D7A-767356D7ABBD}.Debug|Any CPU.Build.0 = Debug|Any CPU
		{C3001561-854C-41DC-8D7A-767356D7ABBD}.Release|Any CPU.ActiveCfg = Release|Any CPU
		{C3001561-854C-41DC-8D7A-767356D7ABBD}.Release|Any CPU.Build.0 = Release|Any CPU
		{9837EB90-5B2E-4F7A-9BA7-985383DCDA05}.Debug|Any CPU.ActiveCfg = Debug|Any CPU
		{9837EB90-5B2E-4F7A-9BA7-985383DCDA05}.Debug|Any CPU.Build.0 = Debug|Any CPU
		{9837EB90-5B2E-4F7A-9BA7-985383DCDA05}.Release|Any CPU.ActiveCfg = Release|Any CPU
		{9837EB90-5B2E-4F7A-9BA7-985383DCDA05}.Release|Any CPU.Build.0 = Release|Any CPU
		{42233FDB-0AF8-404B-8833-044FBA01D889}.Debug|Any CPU.ActiveCfg = Debug|Any CPU
		{42233FDB-0AF8-404B-8833-044FBA01D889}.Debug|Any CPU.Build.0 = Debug|Any CPU
		{42233FDB-0AF8-404B-8833-044FBA01D889}.Release|Any CPU.ActiveCfg = Release|Any CPU
		{42233FDB-0AF8-404B-8833-044FBA01D889}.Release|Any CPU.Build.0 = Release|Any CPU
	EndGlobalSection
	GlobalSection(SolutionProperties) = preSolution
		HideSolutionNode = FALSE
	EndGlobalSection
	GlobalSection(NestedProjects) = preSolution
		{E86CC051-0428-4E24-9812-A322620DA951} = {99845C29-086E-49AB-9907-68D6D9CED31C}
		{5A70E5E2-50A9-476D-85F4-468E3008CDED} = {C093EF10-2B52-4637-AB02-330BC27758BE}
		{63DEC6EE-A808-4875-99CB-C9B52275090E} = {F64A8B93-0C18-4F83-A9E5-BD2785A3AB06}
		{CBB20815-5356-4AF1-AB62-B2335BF42C55} = {B77FBF89-6C9B-482E-AE05-87E6E0A34024}
		{7FDC31DB-B7A3-4DE2-8956-C7EA060180A1} = {851396F9-17BA-4C79-8CC6-A81E1AEE2E81}
		{C27EAE41-CBDD-4054-8881-C91685D0F7F0} = {90F12FD5-39E2-4A8E-A79F-551B173D086F}
		{35F641AD-67E6-4926-B4A6-A53E94C34B30} = {3536C0F7-8B94-4F96-BEEC-D84ACECF4610}
		{C3001561-854C-41DC-8D7A-767356D7ABBD} = {CF6C6F1F-A0CC-44E9-AC32-FB226812ACB9}
		{99845C29-086E-49AB-9907-68D6D9CED31C} = {9503947C-862B-477C-AC09-72B557FC9826}
		{3536C0F7-8B94-4F96-BEEC-D84ACECF4610} = {9503947C-862B-477C-AC09-72B557FC9826}
		{E6ACC16C-67FB-409A-AC9C-1235B81BCFD6} = {9503947C-862B-477C-AC09-72B557FC9826}
		{9837EB90-5B2E-4F7A-9BA7-985383DCDA05} = {691CA8D5-C853-4BC7-BAC0-ED764A1098FC}
		{42233FDB-0AF8-404B-8833-044FBA01D889} = {B31186AA-9A93-45BA-A30D-CDFC059D9571}
		{691CA8D5-C853-4BC7-BAC0-ED764A1098FC} = {E6ACC16C-67FB-409A-AC9C-1235B81BCFD6}
		{851396F9-17BA-4C79-8CC6-A81E1AEE2E81} = {E6ACC16C-67FB-409A-AC9C-1235B81BCFD6}
		{90F12FD5-39E2-4A8E-A79F-551B173D086F} = {E6ACC16C-67FB-409A-AC9C-1235B81BCFD6}
		{B31186AA-9A93-45BA-A30D-CDFC059D9571} = {E6ACC16C-67FB-409A-AC9C-1235B81BCFD6}
	EndGlobalSection
	GlobalSection(ExtensibilityGlobals) = postSolution
		SolutionGuid = {8BBBC421-CA16-49C6-B9C3-3BCD35B31446}
	EndGlobalSection
	GlobalSection(TeamFoundationVersionControl) = preSolution
		SccNumberOfProjects = 11
		SccEnterpriseProvider = {4CA58AB2-18FA-4F8D-95D4-32DDF27D184C}
		SccTeamFoundationServer = https://dev.azure.com/tukarta
		SccLocalPath0 = .
		SccProjectUniqueName1 = TUKARTA.PE.CORE\\TUKARTA.PE.CORE.csproj
		SccProjectTopLevelParentUniqueName1 = TUKARTA.PE.sln
		SccProjectName1 = TUKARTA.PE.CORE
		SccLocalPath1 = TUKARTA.PE.CORE
		SccProjectUniqueName2 = TUKARTA.PE.DATA\\TUKARTA.PE.DATA.csproj
		SccProjectTopLevelParentUniqueName2 = TUKARTA.PE.sln
		SccProjectName2 = TUKARTA.PE.DATA
		SccLocalPath2 = TUKARTA.PE.DATA
		SccProjectUniqueName3 = TUKARTA.PE.ENTITIES\\TUKARTA.PE.ENTITIES.csproj
		SccProjectTopLevelParentUniqueName3 = TUKARTA.PE.sln
		SccProjectName3 = TUKARTA.PE.ENTITIES
		SccLocalPath3 = TUKARTA.PE.ENTITIES
		SccProjectUniqueName4 = TUKARTA.PE.WEB.API\\TUKARTA.PE.WEB.API.csproj
		SccProjectTopLevelParentUniqueName4 = TUKARTA.PE.sln
		SccProjectName4 = TUKARTA.PE.WEB.API
		SccLocalPath4 = TUKARTA.PE.WEB.API
		SccProjectUniqueName5 = TUKARTA.PE.WEB.PANEL.ADMIN\\TUKARTA.PE.WEB.PANEL.ADMIN.csproj
		SccProjectTopLevelParentUniqueName5 = TUKARTA.PE.sln
		SccProjectName5 = TUKARTA.PE.WEB.PANEL.ADMIN
		SccLocalPath5 = TUKARTA.PE.WEB.PANEL.ADMIN
		SccProjectUniqueName6 = TUKARTA.PE.WEB.PANEL.BUSINESS\\TUKARTA.PE.WEB.PANEL.BUSINESS.csproj
		SccProjectTopLevelParentUniqueName6 = TUKARTA.PE.sln
		SccProjectName6 = TUKARTA.PE.WEB.PANEL.BUSINESS
		SccLocalPath6 = TUKARTA.PE.WEB.PANEL.BUSINESS
		SccProjectUniqueName7 = TUKARTA.PE.WEB.SITE\\TUKARTA.PE.WEB.SITE.csproj
		SccProjectTopLevelParentUniqueName7 = TUKARTA.PE.sln
		SccProjectName7 = TUKARTA.PE.WEB.SITE
		SccLocalPath7 = TUKARTA.PE.WEB.SITE
		SccProjectUniqueName8 = TUKARTA.PE.SERVICE\\TUKARTA.PE.SERVICE.csproj
		SccProjectTopLevelParentUniqueName8 = TUKARTA.PE.sln
		SccProjectName8 = TUKARTA.PE.SERVICE
		SccLocalPath8 = TUKARTA.PE.SERVICE
		SccProjectUniqueName9 = TUKARTA.PE.WEB.COMPONENTS\\TUKARTA.PE.WEB.COMPONENTS.csproj
		SccProjectTopLevelParentUniqueName9 = TUKARTA.PE.sln
		SccProjectName9 = TUKARTA.PE.WEB.COMPONENTS
		SccLocalPath9 = TUKARTA.PE.WEB.COMPONENTS
		SccProjectUniqueName10 = TUKARTA.PE.WEB.APP.DINER\\TUKARTA.PE.WEB.APP.DINER.csproj
		SccProjectTopLevelParentUniqueName10 = TUKARTA.PE.sln
		SccProjectName10 = TUKARTA.PE.WEB.APP.DINER
		SccLocalPath10 = TUKARTA.PE.WEB.APP.DINER
	EndGlobalSection
EndGlobal
